
Microsoft Visual Studio Solution File, Format Version 12.00
# Visual Studio Version 17
VisualStudioVersion = 17.4.33213.308
MinimumVisualStudioVersion = 10.0.40219.1
Project("{FAE04EC0-301F-11D3-BF4B-00C04F79EFBC}") = "ProtectedMultipleObjects", "ProtectedMultipleObjects\ProtectedMultipleObjects.csproj", "{5E025E2E-3AFD-4CA3-9C2D-D9BE4001CA80}"
EndProject
Global
	GlobalSection(SolutionConfigurationPlatforms) = preSolution
		Debug|Any CPU = Debug|Any CPU
		Release|Any CPU = Release|Any CPU
	EndGlobalSection
	GlobalSection(ProjectConfigurationPlatforms) = postSolution
		{5E025E2E-3AFD-4CA3-9C2D-D9BE4001CA80}.Debug|Any CPU.ActiveCfg = Debug|Any CPU
		{5E025E2E-3AFD-4CA3-9C2D-D9BE4001CA80}.Debug|Any CPU.Build.0 = Debug|Any CPU
		{5E025E2E-3AFD-4CA3-9C2D-D9BE4001CA80}.Release|Any CPU.ActiveCfg = Release|Any CPU
		{5E025E2E-3AFD-4CA3-9C2D-D9BE4001CA80}.Release|Any CPU.Build.0 = Release|Any CPU
	EndGlobalSection
	GlobalSection(SolutionProperties) = preSolution
		HideSolutionNode = FALSE
	EndGlobalSection
	GlobalSection(ExtensibilityGlobals) = postSolution
		SolutionGuid = {957FD035-0C7B-47C8-B8BA-6C75F0944062}
	EndGlobalSection
EndGlobal
